
Microsoft Visual Studio Solution File, Format Version 12.00
# Visual Studio Version 16
VisualStudioVersion = 16.0.30804.86
MinimumVisualStudioVersion = 10.0.40219.1
Project("{FAE04EC0-301F-11D3-BF4B-00C04F79EFBC}") = "EtherDream.Net", "EtherDream.Net\EtherDream.Net.csproj", "{EB2C90B4-D0E3-4F30-BF7A-81CDA41D8D4B}"
EndProject
Project("{FAE04EC0-301F-11D3-BF4B-00C04F79EFBC}") = "Test.EtherDream.Net", "Test.EtherDream.Net\Test.EtherDream.Net.csproj", "{39C091F5-1FFA-4323-81F2-1E1A40F8DA47}"
EndProject
Global
	GlobalSection(SolutionConfigurationPlatforms) = preSolution
		Debug|Any CPU = Debug|Any CPU
		Release|Any CPU = Release|Any CPU
	EndGlobalSection
	GlobalSection(ProjectConfigurationPlatforms) = postSolution
		{EB2C90B4-D0E3-4F30-BF7A-81CDA41D8D4B}.Debug|Any CPU.ActiveCfg = Debug|Any CPU
		{EB2C90B4-D0E3-4F30-BF7A-81CDA41D8D4B}.Debug|Any CPU.Build.0 = Debug|Any CPU
		{EB2C90B4-D0E3-4F30-BF7A-81CDA41D8D4B}.Release|Any CPU.ActiveCfg = Release|Any CPU
		{EB2C90B4-D0E3-4F30-BF7A-81CDA41D8D4B}.Release|Any CPU.Build.0 = Release|Any CPU
		{39C091F5-1FFA-4323-81F2-1E1A40F8DA47}.Debug|Any CPU.ActiveCfg = Debug|Any CPU
		{39C091F5-1FFA-4323-81F2-1E1A40F8DA47}.Debug|Any CPU.Build.0 = Debug|Any CPU
		{39C091F5-1FFA-4323-81F2-1E1A40F8DA47}.Release|Any CPU.ActiveCfg = Release|Any CPU
		{39C091F5-1FFA-4323-81F2-1E1A40F8DA47}.Release|Any CPU.Build.0 = Release|Any CPU
	EndGlobalSection
	GlobalSection(SolutionProperties) = preSolution
		HideSolutionNode = FALSE
	EndGlobalSection
	GlobalSection(ExtensibilityGlobals) = postSolution
		SolutionGuid = {6CFDA19D-A4FB-44C5-A7FB-87557E29F93D}
	EndGlobalSection
EndGlobal
