
Microsoft Visual Studio Solution File, Format Version 12.00
# Visual Studio Version 16
VisualStudioVersion = 16.0.30804.86
MinimumVisualStudioVersion = 10.0.40219.1
Project("{9A19103F-16F7-4668-BE54-9A1E7A4F7556}") = "LaserCore.Etherdream.Net", "EtherDream.Net\LaserCore.Etherdream.Net.csproj", "{EB2C90B4-D0E3-4F30-BF7A-81CDA41D8D4B}"
EndProject
Global
	GlobalSection(SolutionConfigurationPlatforms) = preSolution
		Debug|Any CPU = Debug|Any CPU
		Release|Any CPU = Release|Any CPU
	EndGlobalSection
	GlobalSection(ProjectConfigurationPlatforms) = postSolution
		{EB2C90B4-D0E3-4F30-BF7A-81CDA41D8D4B}.Debug|Any CPU.ActiveCfg = Debug|Any CPU
		{EB2C90B4-D0E3-4F30-BF7A-81CDA41D8D4B}.Debug|Any CPU.Build.0 = Debug|Any CPU
		{EB2C90B4-D0E3-4F30-BF7A-81CDA41D8D4B}.Release|Any CPU.ActiveCfg = Release|Any CPU
		{EB2C90B4-D0E3-4F30-BF7A-81CDA41D8D4B}.Release|Any CPU.Build.0 = Release|Any CPU
	EndGlobalSection
	GlobalSection(SolutionProperties) = preSolution
		HideSolutionNode = FALSE
	EndGlobalSection
	GlobalSection(ExtensibilityGlobals) = postSolution
		SolutionGuid = {6CFDA19D-A4FB-44C5-A7FB-87557E29F93D}
	EndGlobalSection
EndGlobal
